
Microsoft Visual Studio Solution File, Format Version 12.00
# Visual Studio Version 17
VisualStudioVersion = 17.8.34408.163
MinimumVisualStudioVersion = 10.0.40219.1
Project("{8BC9CEB8-8B4A-11D0-8D11-00A0C91BC942}") = "Engine", "Engine\Engine.vcxproj", "{B47092AC-8212-4972-A0BD-55D37B7FAE04}"
EndProject
Project("{8BC9CEB8-8B4A-11D0-8D11-00A0C91BC942}") = "Client", "Client\Client.vcxproj", "{94F51B14-5F47-4DA3-990E-5F9684561AD5}"
EndProject
Global
	GlobalSection(SolutionConfigurationPlatforms) = preSolution
		Debug|x64 = Debug|x64
		Debug|x86 = Debug|x86
		Release|x64 = Release|x64
		Release|x86 = Release|x86
	EndGlobalSection
	GlobalSection(ProjectConfigurationPlatforms) = postSolution
		{B47092AC-8212-4972-A0BD-55D37B7FAE04}.Debug|x64.ActiveCfg = Debug|x64
		{B47092AC-8212-4972-A0BD-55D37B7FAE04}.Debug|x64.Build.0 = Debug|x64
		{B47092AC-8212-4972-A0BD-55D37B7FAE04}.Debug|x86.ActiveCfg = Debug|Win32
		{B47092AC-8212-4972-A0BD-55D37B7FAE04}.Debug|x86.Build.0 = Debug|Win32
		{B47092AC-8212-4972-A0BD-55D37B7FAE04}.Release|x64.ActiveCfg = Release|x64
		{B47092AC-8212-4972-A0BD-55D37B7FAE04}.Release|x64.Build.0 = Release|x64
		{B47092AC-8212-4972-A0BD-55D37B7FAE04}.Release|x86.ActiveCfg = Release|Win32
		{B47092AC-8212-4972-A0BD-55D37B7FAE04}.Release|x86.Build.0 = Release|Win32
		{94F51B14-5F47-4DA3-990E-5F9684561AD5}.Debug|x64.ActiveCfg = Debug|x64
		{94F51B14-5F47-4DA3-990E-5F9684561AD5}.Debug|x64.Build.0 = Debug|x64
		{94F51B14-5F47-4DA3-990E-5F9684561AD5}.Debug|x86.ActiveCfg = Debug|Win32
		{94F51B14-5F47-4DA3-990E-5F9684561AD5}.Debug|x86.Build.0 = Debug|Win32
		{94F51B14-5F47-4DA3-990E-5F9684561AD5}.Release|x64.ActiveCfg = Release|x64
		{94F51B14-5F47-4DA3-990E-5F9684561AD5}.Release|x64.Build.0 = Release|x64
		{94F51B14-5F47-4DA3-990E-5F9684561AD5}.Release|x86.ActiveCfg = Release|Win32
		{94F51B14-5F47-4DA3-990E-5F9684561AD5}.Release|x86.Build.0 = Release|Win32
	EndGlobalSection
	GlobalSection(SolutionProperties) = preSolution
		HideSolutionNode = FALSE
	EndGlobalSection
	GlobalSection(ExtensibilityGlobals) = postSolution
		SolutionGuid = {ABB52088-043E-42F4-AD57-163D1EB313F0}
	EndGlobalSection
EndGlobal
