<?xml version="1.0" encoding="utf-8"?>
<Project ToolsVersion="4.0" xmlns="http://schemas.microsoft.com/developer/msbuild/2003">
  <ItemGroup>
    <Filter Include="Core">
      <UniqueIdentifier>{274139b1-fd4e-4001-a7b7-ddede3bb9683}</UniqueIdentifier>
    </Filter>
    <Filter Include="Pipeline">
      <UniqueIdentifier>{6eba2d3d-3f30-4f03-833b-f17143f9530a}</UniqueIdentifier>
    </Filter>
    <Filter Include="Resource">
      <UniqueIdentifier>{7136f97b-fd33-442a-a7d0-86846ef6f432}</UniqueIdentifier>
    </Filter>
    <Filter Include="Manager">
      <UniqueIdentifier>{cf50026b-c52c-46a7-bb25-033eba393a7b}</UniqueIdentifier>
    </Filter>
  </ItemGroup>
  <ItemGroup>
    <ClCompile Include="pch.cpp">
      <Filter>Core</Filter>
    </ClCompile>
    <ClCompile Include="Game.cpp">
      <Filter>Core</Filter>
    </ClCompile>
    <ClCompile Include="Graphics.cpp">
      <Filter>Pipeline</Filter>
    </ClCompile>
    <ClCompile Include="GameProcessor.cpp">
      <Filter>Core</Filter>
    </ClCompile>
    <ClCompile Include="TimeManager.cpp">
      <Filter>Manager</Filter>
    </ClCompile>
    <ClCompile Include="RenderManager.cpp">
      <Filter>Manager</Filter>
    </ClCompile>
    <ClCompile Include="ConstantBuffer.cpp">
      <Filter>Pipeline</Filter>
    </ClCompile>
    <ClCompile Include="ImGuiManager.cpp">
      <Filter>Manager</Filter>
    </ClCompile>
    <ClCompile Include="Material.cpp">
      <Filter>Resource</Filter>
    </ClCompile>
    <ClCompile Include="StaticMeshResource.cpp">
      <Filter>Resource</Filter>
    </ClCompile>
    <ClCompile Include="SkeletalMeshResource.cpp">
      <Filter>Resource</Filter>
    </ClCompile>
    <ClCompile Include="ResourceManager.cpp">
      <Filter>Manager</Filter>
    </ClCompile>
    <ClCompile Include="Helper.cpp">
      <Filter>Core</Filter>
    </ClCompile>
    <ClCompile Include="AnimationResource.cpp">
      <Filter>Resource</Filter>
    </ClCompile>
    <ClCompile Include="Bone.cpp">
      <Filter>Resource</Filter>
    </ClCompile>
    <ClCompile Include="SkeletalMeshSceneResource.cpp">
      <Filter>Resource</Filter>
    </ClCompile>
    <ClCompile Include="TextureResource.cpp">
      <Filter>Resource</Filter>
    </ClCompile>
  </ItemGroup>
  <ItemGroup>
    <ClInclude Include="pch.h">
      <Filter>Core</Filter>
    </ClInclude>
    <ClInclude Include="EnginePch.h">
      <Filter>Core</Filter>
    </ClInclude>
    <ClInclude Include="Define.h">
      <Filter>Core</Filter>
    </ClInclude>
    <ClInclude Include="Types.h">
      <Filter>Core</Filter>
    </ClInclude>
    <ClInclude Include="Game.h">
      <Filter>Core</Filter>
    </ClInclude>
    <ClInclude Include="Graphics.h">
      <Filter>Pipeline</Filter>
    </ClInclude>
    <ClInclude Include="GameProcessor.h">
      <Filter>Core</Filter>
    </ClInclude>
    <ClInclude Include="TimeManager.h">
      <Filter>Manager</Filter>
    </ClInclude>
    <ClInclude Include="RenderManager.h">
      <Filter>Manager</Filter>
    </ClInclude>
    <ClInclude Include="ConstantBuffer.h">
      <Filter>Pipeline</Filter>
    </ClInclude>
    <ClInclude Include="ImGuiManager.h">
      <Filter>Manager</Filter>
    </ClInclude>
    <ClInclude Include="Material.h">
      <Filter>Resource</Filter>
    </ClInclude>
    <ClInclude Include="StaticMeshResource.h">
      <Filter>Resource</Filter>
    </ClInclude>
    <ClInclude Include="SkeletalMeshResource.h">
      <Filter>Resource</Filter>
    </ClInclude>
    <ClInclude Include="ResourceManager.h">
      <Filter>Manager</Filter>
    </ClInclude>
    <ClInclude Include="Helper.h">
      <Filter>Core</Filter>
    </ClInclude>
    <ClInclude Include="AnimationResource.h">
      <Filter>Resource</Filter>
    </ClInclude>
    <ClInclude Include="Bone.h">
      <Filter>Resource</Filter>
    </ClInclude>
    <ClInclude Include="SkeletalMeshSceneResource.h">
      <Filter>Resource</Filter>
    </ClInclude>
    <ClInclude Include="TextureResource.h">
      <Filter>Resource</Filter>
    </ClInclude>
  </ItemGroup>
</Project>